
Microsoft Visual Studio Solution File, Format Version 12.00
Project("{2150E333-8FDC-42A3-9474-1A3956D46DE8}") = "src", "src", "{98157BC3-8C4D-48F0-B03E-A42D821DFB79}"
EndProject
Project("{2150E333-8FDC-42A3-9474-1A3956D46DE8}") = "Presentation", "Presentation", "{6918A24F-42E3-45A6-A5BD-0427D976FD49}"
EndProject
Project("{2150E333-8FDC-42A3-9474-1A3956D46DE8}") = "Infrustracture", "Infrustracture", "{DF737DF1-DD8C-4A1C-A89D-D522A65CB14D}"
EndProject
Project("{2150E333-8FDC-42A3-9474-1A3956D46DE8}") = "Core", "Core", "{C7421F8E-4E1D-4947-BD97-0B0AE073E77C}"
EndProject
Project("{FAE04EC0-301F-11D3-BF4B-00C04F79EFBC}") = "AFS.Test.Presentation.WebApp", "AFS.Test.Presentation.WebApp\AFS.Test.Presentation.WebApp.csproj", "{30647696-87E0-4DFC-95C0-A6731EDA2AED}"
EndProject
Project("{FAE04EC0-301F-11D3-BF4B-00C04F79EFBC}") = "AFS.Test.Domain", "AFS.Test.Domain\AFS.Test.Domain.csproj", "{A34E153F-E308-4400-946B-AA6AE2EA518D}"
EndProject
Project("{FAE04EC0-301F-11D3-BF4B-00C04F79EFBC}") = "AFS.Test.Application", "AFS.Test.Application\AFS.Test.Application.csproj", "{A8CFA861-D90D-4DB8-8DB6-5917256335D2}"
EndProject
Project("{FAE04EC0-301F-11D3-BF4B-00C04F79EFBC}") = "AFS.Test.Persistence", "AFS.Test.Persistence\AFS.Test.Persistence.csproj", "{23EC4865-1B18-400A-94B3-AA2E28877980}"
EndProject
Project("{2150E333-8FDC-42A3-9474-1A3956D46DE8}") = "tests", "tests", "{D5DD7339-9B2F-4965-9455-9CE4FD5CD515}"
EndProject
Project("{2150E333-8FDC-42A3-9474-1A3956D46DE8}") = "Core", "Core", "{E8FF7EED-C0F3-4117-BC32-A75EE6796D25}"
EndProject
Project("{FAE04EC0-301F-11D3-BF4B-00C04F79EFBC}") = "AFS.Test.Application.Tests", "AFS.Test.Application.Tests\AFS.Test.Application.Tests.csproj", "{C85E6CD4-741B-48EC-A9BE-965B62B581E0}"
EndProject
Global
	GlobalSection(SolutionConfigurationPlatforms) = preSolution
		Debug|Any CPU = Debug|Any CPU
		Release|Any CPU = Release|Any CPU
	EndGlobalSection
	GlobalSection(NestedProjects) = preSolution
		{6918A24F-42E3-45A6-A5BD-0427D976FD49} = {98157BC3-8C4D-48F0-B03E-A42D821DFB79}
		{DF737DF1-DD8C-4A1C-A89D-D522A65CB14D} = {98157BC3-8C4D-48F0-B03E-A42D821DFB79}
		{C7421F8E-4E1D-4947-BD97-0B0AE073E77C} = {98157BC3-8C4D-48F0-B03E-A42D821DFB79}
		{30647696-87E0-4DFC-95C0-A6731EDA2AED} = {6918A24F-42E3-45A6-A5BD-0427D976FD49}
		{A34E153F-E308-4400-946B-AA6AE2EA518D} = {C7421F8E-4E1D-4947-BD97-0B0AE073E77C}
		{A8CFA861-D90D-4DB8-8DB6-5917256335D2} = {C7421F8E-4E1D-4947-BD97-0B0AE073E77C}
		{23EC4865-1B18-400A-94B3-AA2E28877980} = {DF737DF1-DD8C-4A1C-A89D-D522A65CB14D}
		{E8FF7EED-C0F3-4117-BC32-A75EE6796D25} = {D5DD7339-9B2F-4965-9455-9CE4FD5CD515}
		{C85E6CD4-741B-48EC-A9BE-965B62B581E0} = {E8FF7EED-C0F3-4117-BC32-A75EE6796D25}
	EndGlobalSection
	GlobalSection(ProjectConfigurationPlatforms) = postSolution
		{30647696-87E0-4DFC-95C0-A6731EDA2AED}.Debug|Any CPU.ActiveCfg = Debug|Any CPU
		{30647696-87E0-4DFC-95C0-A6731EDA2AED}.Debug|Any CPU.Build.0 = Debug|Any CPU
		{30647696-87E0-4DFC-95C0-A6731EDA2AED}.Release|Any CPU.ActiveCfg = Release|Any CPU
		{30647696-87E0-4DFC-95C0-A6731EDA2AED}.Release|Any CPU.Build.0 = Release|Any CPU
		{A34E153F-E308-4400-946B-AA6AE2EA518D}.Debug|Any CPU.ActiveCfg = Debug|Any CPU
		{A34E153F-E308-4400-946B-AA6AE2EA518D}.Debug|Any CPU.Build.0 = Debug|Any CPU
		{A34E153F-E308-4400-946B-AA6AE2EA518D}.Release|Any CPU.ActiveCfg = Release|Any CPU
		{A34E153F-E308-4400-946B-AA6AE2EA518D}.Release|Any CPU.Build.0 = Release|Any CPU
		{A8CFA861-D90D-4DB8-8DB6-5917256335D2}.Debug|Any CPU.ActiveCfg = Debug|Any CPU
		{A8CFA861-D90D-4DB8-8DB6-5917256335D2}.Debug|Any CPU.Build.0 = Debug|Any CPU
		{A8CFA861-D90D-4DB8-8DB6-5917256335D2}.Release|Any CPU.ActiveCfg = Release|Any CPU
		{A8CFA861-D90D-4DB8-8DB6-5917256335D2}.Release|Any CPU.Build.0 = Release|Any CPU
		{23EC4865-1B18-400A-94B3-AA2E28877980}.Debug|Any CPU.ActiveCfg = Debug|Any CPU
		{23EC4865-1B18-400A-94B3-AA2E28877980}.Debug|Any CPU.Build.0 = Debug|Any CPU
		{23EC4865-1B18-400A-94B3-AA2E28877980}.Release|Any CPU.ActiveCfg = Release|Any CPU
		{23EC4865-1B18-400A-94B3-AA2E28877980}.Release|Any CPU.Build.0 = Release|Any CPU
		{C85E6CD4-741B-48EC-A9BE-965B62B581E0}.Debug|Any CPU.ActiveCfg = Debug|Any CPU
		{C85E6CD4-741B-48EC-A9BE-965B62B581E0}.Debug|Any CPU.Build.0 = Debug|Any CPU
		{C85E6CD4-741B-48EC-A9BE-965B62B581E0}.Release|Any CPU.ActiveCfg = Release|Any CPU
		{C85E6CD4-741B-48EC-A9BE-965B62B581E0}.Release|Any CPU.Build.0 = Release|Any CPU
	EndGlobalSection
EndGlobal
